<?xml version="1.0" encoding="utf-8"?>
<Project ToolsVersion="4.0" xmlns="http://schemas.microsoft.com/developer/msbuild/2003">
  <ItemGroup>
    <ClCompile Include="kann.c" />
    <ClCompile Include="kautodiff.c" />
  </ItemGroup>
  <ItemGroup>
    <ClInclude Include="kann.h" />
    <ClInclude Include="kautodiff.h" />
  </ItemGroup>
</Project>